// !$*UTF8*$!
{
	archiveVersion = 1;
	classes = {
	};
	objectVersion = 46;
	objects = {

/* Begin PBXBuildFile section */
		260D24D9199FBA9800AC2A21 /* brick_texture.jpg in Resources */ = {isa = PBXBuildFile; fileRef = 260D24D7199FBA9800AC2A21 /* brick_texture.jpg */; };
		260D24DA199FBA9800AC2A21 /* concrete_texture.jpg in Resources */ = {isa = PBXBuildFile; fileRef = 260D24D8199FBA9800AC2A21 /* concrete_texture.jpg */; };
		2651E55719A3DF4B00E423D5 /* RoomModel.obj in Resources */ = {isa = PBXBuildFile; fileRef = 2651E55619A3DF4B00E423D5 /* RoomModel.obj */; };
		26A9157D19ABCF6300BCC1C8 /* RenderNode.cpp in Sources */ = {isa = PBXBuildFile; fileRef = 26A9157C19ABCF6300BCC1C8 /* RenderNode.cpp */; };
		26A9157F19ABD56600BCC1C8 /* Model.cpp in Sources */ = {isa = PBXBuildFile; fileRef = 26A9157E19ABD56600BCC1C8 /* Model.cpp */; };
		26A9158119B06CA900BCC1C8 /* Application.cpp in Sources */ = {isa = PBXBuildFile; fileRef = 26A9158019B06CA900BCC1C8 /* Application.cpp */; };
		26D82A5819A259DE00547694 /* MatrixStack.cpp in Sources */ = {isa = PBXBuildFile; fileRef = 26D82A5619A259DE00547694 /* MatrixStack.cpp */; };
		26D82A5D19A2686300547694 /* metal_texture.jpg in Resources */ = {isa = PBXBuildFile; fileRef = 26D82A5C19A2686300547694 /* metal_texture.jpg */; };
		26D82BF219A3958000547694 /* RobotModel.obj in Resources */ = {isa = PBXBuildFile; fileRef = 26D82BF119A3958000547694 /* RobotModel.obj */; };
		26E1E34E199F8D3100197739 /* Bitmap.cpp in Sources */ = {isa = PBXBuildFile; fileRef = 26E1E34C199F8D3100197739 /* Bitmap.cpp */; };
		26E1E351199F950400197739 /* Texture.cpp in Sources */ = {isa = PBXBuildFile; fileRef = 26E1E34F199F950400197739 /* Texture.cpp */; };
		26E1E354199F9EA600197739 /* Camera.cpp in Sources */ = {isa = PBXBuildFile; fileRef = 26E1E352199F9EA600197739 /* Camera.cpp */; };
		26EDF17F199F4BDF00C71FC5 /* Cocoa.framework in Frameworks */ = {isa = PBXBuildFile; fileRef = 26EDF17E199F4BDF00C71FC5 /* Cocoa.framework */; };
		26EDF1B1199F4C4900C71FC5 /* OpenGL.framework in Frameworks */ = {isa = PBXBuildFile; fileRef = 26EDF1B0199F4C4900C71FC5 /* OpenGL.framework */; };
		26EDF1B3199F4C4F00C71FC5 /* IOKit.framework in Frameworks */ = {isa = PBXBuildFile; fileRef = 26EDF1B2199F4C4F00C71FC5 /* IOKit.framework */; };
		26EDF1B5199F4C6100C71FC5 /* libGLEW.1.10.0.dylib in Frameworks */ = {isa = PBXBuildFile; fileRef = 26EDF1B4199F4C6100C71FC5 /* libGLEW.1.10.0.dylib */; };
		26EDF1B7199F4C8400C71FC5 /* libglfw.3.0.dylib in Frameworks */ = {isa = PBXBuildFile; fileRef = 26EDF1B6199F4C8400C71FC5 /* libglfw.3.0.dylib */; };
		26EDF1B8199F4D3300C71FC5 /* main.mm in Sources */ = {isa = PBXBuildFile; fileRef = 26EDF176199F4AB100C71FC5 /* main.mm */; };
		26EDF1BD199F56A900C71FC5 /* fragment-shader.fsh in Resources */ = {isa = PBXBuildFile; fileRef = 26EDF1BC199F56A900C71FC5 /* fragment-shader.fsh */; };
		26EDF1BF199F56B400C71FC5 /* vertex-shader.vsh in Resources */ = {isa = PBXBuildFile; fileRef = 26EDF1BE199F56B400C71FC5 /* vertex-shader.vsh */; };
		26EDF1C2199F598E00C71FC5 /* Shader.cpp in Sources */ = {isa = PBXBuildFile; fileRef = 26EDF1C0199F598E00C71FC5 /* Shader.cpp */; };
		26EDF1C5199F676500C71FC5 /* ShaderProgram.cpp in Sources */ = {isa = PBXBuildFile; fileRef = 26EDF1C3199F676500C71FC5 /* ShaderProgram.cpp */; };
/* End PBXBuildFile section */

/* Begin PBXFileReference section */
		260D24D7199FBA9800AC2A21 /* brick_texture.jpg */ = {isa = PBXFileReference; lastKnownFileType = image.jpeg; path = brick_texture.jpg; sourceTree = "<group>"; };
		260D24D8199FBA9800AC2A21 /* concrete_texture.jpg */ = {isa = PBXFileReference; lastKnownFileType = image.jpeg; path = concrete_texture.jpg; sourceTree = "<group>"; };
		2651E55619A3DF4B00E423D5 /* RoomModel.obj */ = {isa = PBXFileReference; fileEncoding = 4; lastKnownFileType = text; name = RoomModel.obj; path = textures/RoomModel.obj; sourceTree = "<group>"; };
		26A9157B19ABCA9900BCC1C8 /* Application.h */ = {isa = PBXFileReference; lastKnownFileType = sourcecode.c.h; path = Application.h; sourceTree = "<group>"; };
		26A9157C19ABCF6300BCC1C8 /* RenderNode.cpp */ = {isa = PBXFileReference; fileEncoding = 4; lastKnownFileType = sourcecode.cpp.cpp; path = RenderNode.cpp; sourceTree = "<group>"; };
		26A9157E19ABD56600BCC1C8 /* Model.cpp */ = {isa = PBXFileReference; fileEncoding = 4; lastKnownFileType = sourcecode.cpp.cpp; path = Model.cpp; sourceTree = "<group>"; };
		26A9158019B06CA900BCC1C8 /* Application.cpp */ = {isa = PBXFileReference; fileEncoding = 4; lastKnownFileType = sourcecode.cpp.cpp; path = Application.cpp; sourceTree = "<group>"; };
		26A9158219B0752100BCC1C8 /* MathUtils.h */ = {isa = PBXFileReference; lastKnownFileType = sourcecode.c.h; path = MathUtils.h; sourceTree = "<group>"; };
		26D82A5619A259DE00547694 /* MatrixStack.cpp */ = {isa = PBXFileReference; fileEncoding = 4; lastKnownFileType = sourcecode.cpp.cpp; path = MatrixStack.cpp; sourceTree = "<group>"; };
		26D82A5719A259DE00547694 /* MatrixStack.h */ = {isa = PBXFileReference; fileEncoding = 4; lastKnownFileType = sourcecode.c.h; path = MatrixStack.h; sourceTree = "<group>"; };
		26D82A5919A2605C00547694 /* Light.h */ = {isa = PBXFileReference; lastKnownFileType = sourcecode.c.h; path = Light.h; sourceTree = "<group>"; };
		26D82A5A19A260A200547694 /* Model.h */ = {isa = PBXFileReference; lastKnownFileType = sourcecode.c.h; path = Model.h; sourceTree = "<group>"; };
		26D82A5B19A2634F00547694 /* RenderNode.h */ = {isa = PBXFileReference; lastKnownFileType = sourcecode.c.h; path = RenderNode.h; sourceTree = "<group>"; };
		26D82A5C19A2686300547694 /* metal_texture.jpg */ = {isa = PBXFileReference; lastKnownFileType = image.jpeg; path = metal_texture.jpg; sourceTree = "<group>"; };
		26D82BF119A3958000547694 /* RobotModel.obj */ = {isa = PBXFileReference; fileEncoding = 4; lastKnownFileType = text; name = RobotModel.obj; path = resources/textures/RobotModel.obj; sourceTree = SOURCE_ROOT; };
		26D82BF419A396B700547694 /* Loaders.h */ = {isa = PBXFileReference; explicitFileType = sourcecode.cpp.h; name = Loaders.h; path = ../Loaders.h; sourceTree = "<group>"; };
		26E1E34C199F8D3100197739 /* Bitmap.cpp */ = {isa = PBXFileReference; fileEncoding = 4; lastKnownFileType = sourcecode.cpp.cpp; path = Bitmap.cpp; sourceTree = "<group>"; };
		26E1E34D199F8D3100197739 /* Bitmap.h */ = {isa = PBXFileReference; fileEncoding = 4; lastKnownFileType = sourcecode.c.h; path = Bitmap.h; sourceTree = "<group>"; };
		26E1E34F199F950400197739 /* Texture.cpp */ = {isa = PBXFileReference; fileEncoding = 4; lastKnownFileType = sourcecode.cpp.cpp; path = Texture.cpp; sourceTree = "<group>"; };
		26E1E350199F950400197739 /* Texture.h */ = {isa = PBXFileReference; fileEncoding = 4; lastKnownFileType = sourcecode.c.h; path = Texture.h; sourceTree = "<group>"; };
		26E1E352199F9EA600197739 /* Camera.cpp */ = {isa = PBXFileReference; fileEncoding = 4; lastKnownFileType = sourcecode.cpp.cpp; path = Camera.cpp; sourceTree = "<group>"; };
		26E1E353199F9EA600197739 /* Camera.h */ = {isa = PBXFileReference; fileEncoding = 4; lastKnownFileType = sourcecode.c.h; path = Camera.h; sourceTree = "<group>"; };
		26EDF176199F4AB100C71FC5 /* main.mm */ = {isa = PBXFileReference; fileEncoding = 4; lastKnownFileType = sourcecode.cpp.objcpp; path = main.mm; sourceTree = "<group>"; };
		26EDF17C199F4BDF00C71FC5 /* Robot.app */ = {isa = PBXFileReference; explicitFileType = wrapper.application; includeInIndex = 0; path = Robot.app; sourceTree = BUILT_PRODUCTS_DIR; };
		26EDF17E199F4BDF00C71FC5 /* Cocoa.framework */ = {isa = PBXFileReference; lastKnownFileType = wrapper.framework; name = Cocoa.framework; path = System/Library/Frameworks/Cocoa.framework; sourceTree = SDKROOT; };
		26EDF1B0199F4C4900C71FC5 /* OpenGL.framework */ = {isa = PBXFileReference; lastKnownFileType = wrapper.framework; name = OpenGL.framework; path = System/Library/Frameworks/OpenGL.framework; sourceTree = SDKROOT; };
		26EDF1B2199F4C4F00C71FC5 /* IOKit.framework */ = {isa = PBXFileReference; lastKnownFileType = wrapper.framework; name = IOKit.framework; path = System/Library/Frameworks/IOKit.framework; sourceTree = SDKROOT; };
		26EDF1B4199F4C6100C71FC5 /* libGLEW.1.10.0.dylib */ = {isa = PBXFileReference; lastKnownFileType = "compiled.mach-o.dylib"; name = libGLEW.1.10.0.dylib; path = ../../../../../usr/local/lib/libGLEW.1.10.0.dylib; sourceTree = "<group>"; };
		26EDF1B6199F4C8400C71FC5 /* libglfw.3.0.dylib */ = {isa = PBXFileReference; lastKnownFileType = "compiled.mach-o.dylib"; name = libglfw.3.0.dylib; path = ../../../../../usr/local/lib/libglfw.3.0.dylib; sourceTree = "<group>"; };
		26EDF1BC199F56A900C71FC5 /* fragment-shader.fsh */ = {isa = PBXFileReference; fileEncoding = 4; lastKnownFileType = sourcecode.glsl; path = "fragment-shader.fsh"; sourceTree = "<group>"; };
		26EDF1BE199F56B400C71FC5 /* vertex-shader.vsh */ = {isa = PBXFileReference; fileEncoding = 4; lastKnownFileType = sourcecode.glsl; path = "vertex-shader.vsh"; sourceTree = "<group>"; };
		26EDF1C0199F598E00C71FC5 /* Shader.cpp */ = {isa = PBXFileReference; fileEncoding = 4; lastKnownFileType = sourcecode.cpp.cpp; path = Shader.cpp; sourceTree = "<group>"; };
		26EDF1C1199F598E00C71FC5 /* Shader.h */ = {isa = PBXFileReference; fileEncoding = 4; lastKnownFileType = sourcecode.c.h; path = Shader.h; sourceTree = "<group>"; };
		26EDF1C3199F676500C71FC5 /* ShaderProgram.cpp */ = {isa = PBXFileReference; fileEncoding = 4; lastKnownFileType = sourcecode.cpp.cpp; path = ShaderProgram.cpp; sourceTree = "<group>"; };
		26EDF1C4199F676500C71FC5 /* ShaderProgram.h */ = {isa = PBXFileReference; fileEncoding = 4; lastKnownFileType = sourcecode.c.h; path = ShaderProgram.h; sourceTree = "<group>"; };
/* End PBXFileReference section */

/* Begin PBXFrameworksBuildPhase section */
		26EDF179199F4BDF00C71FC5 /* Frameworks */ = {
			isa = PBXFrameworksBuildPhase;
			buildActionMask = 2147483647;
			files = (
				26EDF1B7199F4C8400C71FC5 /* libglfw.3.0.dylib in Frameworks */,
				26EDF1B5199F4C6100C71FC5 /* libGLEW.1.10.0.dylib in Frameworks */,
				26EDF1B3199F4C4F00C71FC5 /* IOKit.framework in Frameworks */,
				26EDF1B1199F4C4900C71FC5 /* OpenGL.framework in Frameworks */,
				26EDF17F199F4BDF00C71FC5 /* Cocoa.framework in Frameworks */,
			);
			runOnlyForDeploymentPostprocessing = 0;
		};
/* End PBXFrameworksBuildPhase section */

/* Begin PBXGroup section */
		260D24D6199FBA9800AC2A21 /* textures */ = {
			isa = PBXGroup;
			children = (
				26D82A5C19A2686300547694 /* metal_texture.jpg */,
				260D24D7199FBA9800AC2A21 /* brick_texture.jpg */,
				260D24D8199FBA9800AC2A21 /* concrete_texture.jpg */,
			);
			name = textures;
			path = resources/textures;
			sourceTree = "<group>";
		};
		26EDF15D199F49F800C71FC5 = {
			isa = PBXGroup;
			children = (
				260D24D6199FBA9800AC2A21 /* textures */,
				26EDF1BB199F568D00C71FC5 /* resources */,
				26EDF174199F4AB100C71FC5 /* source */,
				26EDF17D199F4BDF00C71FC5 /* Frameworks */,
				26EDF16B199F4A6D00C71FC5 /* Products */,
			);
			sourceTree = "<group>";
		};
		26EDF16B199F4A6D00C71FC5 /* Products */ = {
			isa = PBXGroup;
			children = (
				26EDF17C199F4BDF00C71FC5 /* Robot.app */,
			);
			name = Products;
			sourceTree = "<group>";
		};
		26EDF174199F4AB100C71FC5 /* source */ = {
			isa = PBXGroup;
			children = (
				26EDF176199F4AB100C71FC5 /* main.mm */,
				26A9157B19ABCA9900BCC1C8 /* Application.h */,
				26A9158019B06CA900BCC1C8 /* Application.cpp */,
				26A9158219B0752100BCC1C8 /* MathUtils.h */,
				26D82BF419A396B700547694 /* Loaders.h */,
				26D82A5B19A2634F00547694 /* RenderNode.h */,
				26A9157C19ABCF6300BCC1C8 /* RenderNode.cpp */,
				26D82A5A19A260A200547694 /* Model.h */,
				26A9157E19ABD56600BCC1C8 /* Model.cpp */,
				26D82A5919A2605C00547694 /* Light.h */,
				26D82A5619A259DE00547694 /* MatrixStack.cpp */,
				26D82A5719A259DE00547694 /* MatrixStack.h */,
				26E1E352199F9EA600197739 /* Camera.cpp */,
				26E1E353199F9EA600197739 /* Camera.h */,
				26EDF1C0199F598E00C71FC5 /* Shader.cpp */,
				26EDF1C1199F598E00C71FC5 /* Shader.h */,
				26EDF1C3199F676500C71FC5 /* ShaderProgram.cpp */,
				26E1E34C199F8D3100197739 /* Bitmap.cpp */,
				26E1E34F199F950400197739 /* Texture.cpp */,
				26E1E350199F950400197739 /* Texture.h */,
				26E1E34D199F8D3100197739 /* Bitmap.h */,
				26EDF1C4199F676500C71FC5 /* ShaderProgram.h */,
			);
			path = source;
			sourceTree = "<group>";
		};
		26EDF17D199F4BDF00C71FC5 /* Frameworks */ = {
			isa = PBXGroup;
			children = (
				26EDF1B6199F4C8400C71FC5 /* libglfw.3.0.dylib */,
				26EDF1B4199F4C6100C71FC5 /* libGLEW.1.10.0.dylib */,
				26EDF1B2199F4C4F00C71FC5 /* IOKit.framework */,
				26EDF1B0199F4C4900C71FC5 /* OpenGL.framework */,
				26EDF17E199F4BDF00C71FC5 /* Cocoa.framework */,
			);
			name = Frameworks;
			sourceTree = "<group>";
		};
		26EDF1BB199F568D00C71FC5 /* resources */ = {
			isa = PBXGroup;
			children = (
				26D82BF119A3958000547694 /* RobotModel.obj */,
				26EDF1BC199F56A900C71FC5 /* fragment-shader.fsh */,
				2651E55619A3DF4B00E423D5 /* RoomModel.obj */,
				26EDF1BE199F56B400C71FC5 /* vertex-shader.vsh */,
			);
			path = resources;
			sourceTree = "<group>";
		};
/* End PBXGroup section */

/* Begin PBXNativeTarget section */
		26EDF17B199F4BDF00C71FC5 /* Robot */ = {
			isa = PBXNativeTarget;
			buildConfigurationList = 26EDF1AA199F4BDF00C71FC5 /* Build configuration list for PBXNativeTarget "Robot" */;
			buildPhases = (
				26EDF178199F4BDF00C71FC5 /* Sources */,
				26EDF179199F4BDF00C71FC5 /* Frameworks */,
				26EDF17A199F4BDF00C71FC5 /* Resources */,
			);
			buildRules = (
			);
			dependencies = (
			);
			name = Robot;
			productName = Robot;
			productReference = 26EDF17C199F4BDF00C71FC5 /* Robot.app */;
			productType = "com.apple.product-type.application";
		};
/* End PBXNativeTarget section */

/* Begin PBXProject section */
		26EDF15E199F49F800C71FC5 /* Project object */ = {
			isa = PBXProject;
			attributes = {
				LastUpgradeCheck = 0510;
			};
			buildConfigurationList = 26EDF161199F49F800C71FC5 /* Build configuration list for PBXProject "Robot" */;
			compatibilityVersion = "Xcode 3.2";
			developmentRegion = English;
			hasScannedForEncodings = 0;
			knownRegions = (
				en,
				Base,
			);
			mainGroup = 26EDF15D199F49F800C71FC5;
			productRefGroup = 26EDF16B199F4A6D00C71FC5 /* Products */;
			projectDirPath = "";
			projectRoot = "";
			targets = (
				26EDF17B199F4BDF00C71FC5 /* Robot */,
			);
		};
/* End PBXProject section */

/* Begin PBXResourcesBuildPhase section */
		26EDF17A199F4BDF00C71FC5 /* Resources */ = {
			isa = PBXResourcesBuildPhase;
			buildActionMask = 2147483647;
			files = (
				26D82A5D19A2686300547694 /* metal_texture.jpg in Resources */,
				26EDF1BD199F56A900C71FC5 /* fragment-shader.fsh in Resources */,
				26D82BF219A3958000547694 /* RobotModel.obj in Resources */,
				26EDF1BF199F56B400C71FC5 /* vertex-shader.vsh in Resources */,
				260D24DA199FBA9800AC2A21 /* concrete_texture.jpg in Resources */,
				260D24D9199FBA9800AC2A21 /* brick_texture.jpg in Resources */,
				2651E55719A3DF4B00E423D5 /* RoomModel.obj in Resources */,
			);
			runOnlyForDeploymentPostprocessing = 0;
		};
/* End PBXResourcesBuildPhase section */

/* Begin PBXSourcesBuildPhase section */
		26EDF178199F4BDF00C71FC5 /* Sources */ = {
			isa = PBXSourcesBuildPhase;
			buildActionMask = 2147483647;
			files = (
				26A9157F19ABD56600BCC1C8 /* Model.cpp in Sources */,
				26E1E351199F950400197739 /* Texture.cpp in Sources */,
				26A9158119B06CA900BCC1C8 /* Application.cpp in Sources */,
				26E1E34E199F8D3100197739 /* Bitmap.cpp in Sources */,
				26EDF1C5199F676500C71FC5 /* ShaderProgram.cpp in Sources */,
				26D82A5819A259DE00547694 /* MatrixStack.cpp in Sources */,
				26EDF1C2199F598E00C71FC5 /* Shader.cpp in Sources */,
				26A9157D19ABCF6300BCC1C8 /* RenderNode.cpp in Sources */,
				26E1E354199F9EA600197739 /* Camera.cpp in Sources */,
				26EDF1B8199F4D3300C71FC5 /* main.mm in Sources */,
			);
			runOnlyForDeploymentPostprocessing = 0;
		};
/* End PBXSourcesBuildPhase section */

/* Begin XCBuildConfiguration section */
		26EDF162199F49F800C71FC5 /* Debug */ = {
			isa = XCBuildConfiguration;
			buildSettings = {
				HEADER_SEARCH_PATHS = (
					"$(inherited)",
					/Applications/Xcode.app/Contents/Developer/Toolchains/XcodeDefault.xctoolchain/usr/include,
					/usr/local/include,
				);
				LIBRARY_SEARCH_PATHS = /usr/local/lib;
			};
			name = Debug;
		};
		26EDF163199F49F800C71FC5 /* Release */ = {
			isa = XCBuildConfiguration;
			buildSettings = {
				HEADER_SEARCH_PATHS = (
					"$(inherited)",
					/Applications/Xcode.app/Contents/Developer/Toolchains/XcodeDefault.xctoolchain/usr/include,
					/usr/local/include,
				);
				LIBRARY_SEARCH_PATHS = /usr/local/lib;
			};
			name = Release;
		};
		26EDF1AB199F4BDF00C71FC5 /* Debug */ = {
			isa = XCBuildConfiguration;
			buildSettings = {
				ALWAYS_SEARCH_USER_PATHS = NO;
				ASSETCATALOG_COMPILER_APPICON_NAME = AppIcon;
				CLANG_CXX_LANGUAGE_STANDARD = "gnu++0x";
				CLANG_CXX_LIBRARY = "libc++";
				CLANG_ENABLE_MODULES = YES;
				CLANG_ENABLE_OBJC_ARC = YES;
				CLANG_WARN_BOOL_CONVERSION = YES;
				CLANG_WARN_CONSTANT_CONVERSION = YES;
				CLANG_WARN_DIRECT_OBJC_ISA_USAGE = YES_ERROR;
				CLANG_WARN_EMPTY_BODY = YES;
				CLANG_WARN_ENUM_CONVERSION = YES;
				CLANG_WARN_INT_CONVERSION = YES;
				CLANG_WARN_OBJC_ROOT_CLASS = YES_ERROR;
				CLANG_WARN__DUPLICATE_METHOD_MATCH = YES;
				COMBINE_HIDPI_IMAGES = YES;
				COPY_PHASE_STRIP = NO;
				GCC_C_LANGUAGE_STANDARD = gnu99;
				GCC_DYNAMIC_NO_PIC = NO;
				GCC_ENABLE_OBJC_EXCEPTIONS = YES;
				GCC_OPTIMIZATION_LEVEL = 0;
				GCC_PRECOMPILE_PREFIX_HEADER = NO;
				GCC_PREFIX_HEADER = "";
				GCC_PREPROCESSOR_DEFINITIONS = (
					"DEBUG=1",
					"$(inherited)",
				);
				GCC_SYMBOLS_PRIVATE_EXTERN = NO;
				GCC_WARN_64_TO_32_BIT_CONVERSION = YES;
				GCC_WARN_ABOUT_RETURN_TYPE = YES_ERROR;
				GCC_WARN_UNDECLARED_SELECTOR = YES;
				GCC_WARN_UNINITIALIZED_AUTOS = YES_AGGRESSIVE;
				GCC_WARN_UNUSED_FUNCTION = YES;
				GCC_WARN_UNUSED_VARIABLE = YES;
				INFOPLIST_FILE = "";
				MACOSX_DEPLOYMENT_TARGET = 10.9;
				ONLY_ACTIVE_ARCH = YES;
				PRODUCT_NAME = "$(TARGET_NAME)";
				SDKROOT = macosx;
				WRAPPER_EXTENSION = app;
			};
			name = Debug;
		};
		26EDF1AC199F4BDF00C71FC5 /* Release */ = {
			isa = XCBuildConfiguration;
			buildSettings = {
				ALWAYS_SEARCH_USER_PATHS = NO;
				ASSETCATALOG_COMPILER_APPICON_NAME = AppIcon;
				CLANG_CXX_LANGUAGE_STANDARD = "gnu++0x";
				CLANG_CXX_LIBRARY = "libc++";
				CLANG_ENABLE_MODULES = YES;
				CLANG_ENABLE_OBJC_ARC = YES;
				CLANG_WARN_BOOL_CONVERSION = YES;
				CLANG_WARN_CONSTANT_CONVERSION = YES;
				CLANG_WARN_DIRECT_OBJC_ISA_USAGE = YES_ERROR;
				CLANG_WARN_EMPTY_BODY = YES;
				CLANG_WARN_ENUM_CONVERSION = YES;
				CLANG_WARN_INT_CONVERSION = YES;
				CLANG_WARN_OBJC_ROOT_CLASS = YES_ERROR;
				CLANG_WARN__DUPLICATE_METHOD_MATCH = YES;
				COMBINE_HIDPI_IMAGES = YES;
				COPY_PHASE_STRIP = YES;
				DEBUG_INFORMATION_FORMAT = "dwarf-with-dsym";
				ENABLE_NS_ASSERTIONS = NO;
				GCC_C_LANGUAGE_STANDARD = gnu99;
				GCC_ENABLE_OBJC_EXCEPTIONS = YES;
				GCC_PRECOMPILE_PREFIX_HEADER = NO;
				GCC_PREFIX_HEADER = "";
				GCC_WARN_64_TO_32_BIT_CONVERSION = YES;
				GCC_WARN_ABOUT_RETURN_TYPE = YES_ERROR;
				GCC_WARN_UNDECLARED_SELECTOR = YES;
				GCC_WARN_UNINITIALIZED_AUTOS = YES_AGGRESSIVE;
				GCC_WARN_UNUSED_FUNCTION = YES;
				GCC_WARN_UNUSED_VARIABLE = YES;
				INFOPLIST_FILE = "";
				MACOSX_DEPLOYMENT_TARGET = 10.9;
				PRODUCT_NAME = "$(TARGET_NAME)";
				SDKROOT = macosx;
				WRAPPER_EXTENSION = app;
			};
			name = Release;
		};
/* End XCBuildConfiguration section */

/* Begin XCConfigurationList section */
		26EDF161199F49F800C71FC5 /* Build configuration list for PBXProject "Robot" */ = {
			isa = XCConfigurationList;
			buildConfigurations = (
				26EDF162199F49F800C71FC5 /* Debug */,
				26EDF163199F49F800C71FC5 /* Release */,
			);
			defaultConfigurationIsVisible = 0;
			defaultConfigurationName = Release;
		};
		26EDF1AA199F4BDF00C71FC5 /* Build configuration list for PBXNativeTarget "Robot" */ = {
			isa = XCConfigurationList;
			buildConfigurations = (
				26EDF1AB199F4BDF00C71FC5 /* Debug */,
				26EDF1AC199F4BDF00C71FC5 /* Release */,
			);
			defaultConfigurationIsVisible = 0;
			defaultConfigurationName = Release;
		};
/* End XCConfigurationList section */
	};
	rootObject = 26EDF15E199F49F800C71FC5 /* Project object */;
}
